
Microsoft Visual Studio Solution File, Format Version 12.00
# Visual Studio 15
Project("{FAE04EC0-301F-11D3-BF4B-00C04F79EFBC}") = "Assembly-CSharp-firstpass", "Assembly-CSharp-firstpass.csproj", "{2C59646E-1511-F050-0EC8-3B80FC144E9F}"
EndProject
Project("{FAE04EC0-301F-11D3-BF4B-00C04F79EFBC}") = "Assembly-CSharp", "Assembly-CSharp.csproj", "{BD9C8E31-9C26-10C1-4F08-017FBFE8FA53}"
EndProject
Project("{FAE04EC0-301F-11D3-BF4B-00C04F79EFBC}") = "Assembly-CSharp-Editor", "Assembly-CSharp-Editor.csproj", "{4AE2E999-CF52-5637-8B47-DB6BD7898383}"
EndProject
Global
	GlobalSection(SolutionConfigurationPlatforms) = preSolution
		Debug|Any CPU = Debug|Any CPU
		Release|Any CPU = Release|Any CPU
	EndGlobalSection
	GlobalSection(ProjectConfigurationPlatforms) = postSolution
		{2C59646E-1511-F050-0EC8-3B80FC144E9F}.Debug|Any CPU.ActiveCfg = Debug|Any CPU
		{2C59646E-1511-F050-0EC8-3B80FC144E9F}.Debug|Any CPU.Build.0 = Debug|Any CPU
		{2C59646E-1511-F050-0EC8-3B80FC144E9F}.Release|Any CPU.ActiveCfg = Release|Any CPU
		{2C59646E-1511-F050-0EC8-3B80FC144E9F}.Release|Any CPU.Build.0 = Release|Any CPU
		{BD9C8E31-9C26-10C1-4F08-017FBFE8FA53}.Debug|Any CPU.ActiveCfg = Debug|Any CPU
		{BD9C8E31-9C26-10C1-4F08-017FBFE8FA53}.Debug|Any CPU.Build.0 = Debug|Any CPU
		{BD9C8E31-9C26-10C1-4F08-017FBFE8FA53}.Release|Any CPU.ActiveCfg = Release|Any CPU
		{BD9C8E31-9C26-10C1-4F08-017FBFE8FA53}.Release|Any CPU.Build.0 = Release|Any CPU
		{4AE2E999-CF52-5637-8B47-DB6BD7898383}.Debug|Any CPU.ActiveCfg = Debug|Any CPU
		{4AE2E999-CF52-5637-8B47-DB6BD7898383}.Debug|Any CPU.Build.0 = Debug|Any CPU
		{4AE2E999-CF52-5637-8B47-DB6BD7898383}.Release|Any CPU.ActiveCfg = Release|Any CPU
		{4AE2E999-CF52-5637-8B47-DB6BD7898383}.Release|Any CPU.Build.0 = Release|Any CPU
	EndGlobalSection
	GlobalSection(SolutionProperties) = preSolution
		HideSolutionNode = FALSE
	EndGlobalSection
EndGlobal
